
Microsoft Visual Studio Solution File, Format Version 12.00
# Visual Studio Version 16
VisualStudioVersion = 16.0.29215.179
MinimumVisualStudioVersion = 10.0.40219.1
Project("{FAE04EC0-301F-11D3-BF4B-00C04F79EFBC}") = "RobotCleaner.Cli", "RobotCleaner.Cli\RobotCleaner.Cli.csproj", "{B25B841B-C320-4AF2-A95B-DDD19EAB3767}"
EndProject
Project("{FAE04EC0-301F-11D3-BF4B-00C04F79EFBC}") = "RobotCleaner", "RobotCleaner\RobotCleaner.csproj", "{3EBAB431-2DB9-4D0D-8929-C6FA15335B52}"
EndProject
Project("{FAE04EC0-301F-11D3-BF4B-00C04F79EFBC}") = "RobotCleanerTests", "RobotCleanerTests\RobotCleanerTests.csproj", "{FAC839B6-202B-45B6-8BD9-B1FDB91F5AB9}"
EndProject
Global
	GlobalSection(SolutionConfigurationPlatforms) = preSolution
		Debug|Any CPU = Debug|Any CPU
		Release|Any CPU = Release|Any CPU
	EndGlobalSection
	GlobalSection(ProjectConfigurationPlatforms) = postSolution
		{B25B841B-C320-4AF2-A95B-DDD19EAB3767}.Debug|Any CPU.ActiveCfg = Debug|Any CPU
		{B25B841B-C320-4AF2-A95B-DDD19EAB3767}.Debug|Any CPU.Build.0 = Debug|Any CPU
		{B25B841B-C320-4AF2-A95B-DDD19EAB3767}.Release|Any CPU.ActiveCfg = Release|Any CPU
		{B25B841B-C320-4AF2-A95B-DDD19EAB3767}.Release|Any CPU.Build.0 = Release|Any CPU
		{3EBAB431-2DB9-4D0D-8929-C6FA15335B52}.Debug|Any CPU.ActiveCfg = Debug|Any CPU
		{3EBAB431-2DB9-4D0D-8929-C6FA15335B52}.Debug|Any CPU.Build.0 = Debug|Any CPU
		{3EBAB431-2DB9-4D0D-8929-C6FA15335B52}.Release|Any CPU.ActiveCfg = Release|Any CPU
		{3EBAB431-2DB9-4D0D-8929-C6FA15335B52}.Release|Any CPU.Build.0 = Release|Any CPU
		{FAC839B6-202B-45B6-8BD9-B1FDB91F5AB9}.Debug|Any CPU.ActiveCfg = Debug|Any CPU
		{FAC839B6-202B-45B6-8BD9-B1FDB91F5AB9}.Debug|Any CPU.Build.0 = Debug|Any CPU
		{FAC839B6-202B-45B6-8BD9-B1FDB91F5AB9}.Release|Any CPU.ActiveCfg = Release|Any CPU
		{FAC839B6-202B-45B6-8BD9-B1FDB91F5AB9}.Release|Any CPU.Build.0 = Release|Any CPU
	EndGlobalSection
	GlobalSection(SolutionProperties) = preSolution
		HideSolutionNode = FALSE
	EndGlobalSection
	GlobalSection(ExtensibilityGlobals) = postSolution
		SolutionGuid = {1A77AF8C-1E2D-4B50-AA6E-448D2AEB38AF}
	EndGlobalSection
EndGlobal
